{
  "version": "5",
  "specifiers": {
    "jsr:@g43/core@^0.0.3": "0.0.3",
    "jsr:@g43/enums@^0.0.9": "0.0.9",
    "jsr:@g43/math@^0.0.8": "0.0.8",
    "jsr:@g43/tools@^0.0.25": "0.0.25",
    "jsr:@g43/utils@^0.0.30": "0.0.30",
    "jsr:@std/assert@^1.0.16": "1.0.19",
    "jsr:@std/assert@^1.0.17": "1.0.19",
    "jsr:@std/assert@^1.0.19": "1.0.19",
    "jsr:@std/cli@^1.0.28": "1.0.28",
    "jsr:@std/data-structures@^1.0.10": "1.0.10",
    "jsr:@std/encoding@^1.0.10": "1.0.10",
    "jsr:@std/expect@^1.0.18": "1.0.18",
    "jsr:@std/fmt@^1.0.9": "1.0.9",
    "jsr:@std/fs@^1.0.22": "1.0.23",
    "jsr:@std/fs@^1.0.23": "1.0.23",
    "jsr:@std/html@^1.0.5": "1.0.5",
    "jsr:@std/http@1.0.25": "1.0.25",
    "jsr:@std/internal@^1.0.12": "1.0.12",
    "jsr:@std/media-types@^1.1.0": "1.1.0",
    "jsr:@std/net@^1.0.6": "1.0.6",
    "jsr:@std/path@^1.1.4": "1.1.4",
    "jsr:@std/streams@^1.0.17": "1.0.17",
    "jsr:@std/testing@^1.0.17": "1.0.17",
    "npm:reflect-metadata@*": "0.2.2",
    "npm:reflect-metadata@0.2.2": "0.2.2"
  },
  "jsr": {
    "@g43/core@0.0.3": {
      "integrity": "8d1cdacf14727a7b2c1eb1b3a9bbf905d3fa8349b11988284013a9c6cc9fa2e0"
    },
    "@g43/enums@0.0.9": {
      "integrity": "ad2ed0c1c3698f91c90270a8135ae0be6e8b65ee2a7df4238026e9184f8d298b"
    },
    "@g43/math@0.0.8": {
      "integrity": "d5bed94eb3a2a54acabb9856ba1f24948a58c999d9569e3b479f79ad3c04dda8"
    },
    "@g43/tools@0.0.25": {
      "integrity": "b7dbd4f02513dcc7dcd16b5d3b4ec73779e3e58d1542b67a37ca1d2ca19340af",
      "dependencies": [
        "jsr:@g43/core",
        "jsr:@g43/enums",
        "jsr:@g43/math",
        "jsr:@g43/utils",
        "jsr:@std/assert@^1.0.16"
      ]
    },
    "@g43/utils@0.0.30": {
      "integrity": "1dd0c5b4b4627e4c85968acae04464963dbe7ff1dcf88378534382f5a584b0dd",
      "dependencies": [
        "jsr:@g43/enums",
        "jsr:@g43/math",
        "jsr:@g43/utils"
      ]
    },
    "@std/assert@1.0.19": {
      "integrity": "eaada96ee120cb980bc47e040f82814d786fe8162ecc53c91d8df60b8755991e",
      "dependencies": [
        "jsr:@std/internal"
      ]
    },
    "@std/cli@1.0.28": {
      "integrity": "74ef9b976db59ca6b23a5283469c9072be6276853807a83ec6c7ce412135c70a"
    },
    "@std/data-structures@1.0.10": {
      "integrity": "f574f86b0e07c69b9edc555fcc814b57d29258bad39fd5a34ba8a80ecf033cfe"
    },
    "@std/encoding@1.0.10": {
      "integrity": "8783c6384a2d13abd5e9e87a7ae0520a30e9f56aeeaa3bdf910a3eaaf5c811a1"
    },
    "@std/expect@1.0.18": {
      "integrity": "8566eab35200466f8609eb7e7aed062ed0db314e9a258d5d201b1b8997ce801a",
      "dependencies": [
        "jsr:@std/assert@^1.0.19",
        "jsr:@std/internal",
        "jsr:@std/path"
      ]
    },
    "@std/fmt@1.0.9": {
      "integrity": "2487343e8899fb2be5d0e3d35013e54477ada198854e52dd05ed0422eddcabe0"
    },
    "@std/fs@1.0.23": {
      "integrity": "3ecbae4ce4fee03b180fa710caff36bb5adb66631c46a6460aaad49515565a37",
      "dependencies": [
        "jsr:@std/path"
      ]
    },
    "@std/html@1.0.5": {
      "integrity": "4e2d693f474cae8c16a920fa5e15a3b72267b94b84667f11a50c6dd1cb18d35e"
    },
    "@std/http@1.0.25": {
      "integrity": "577b4252290af1097132812b339fffdd55fb0f4aeb98ff11bdbf67998aa17193",
      "dependencies": [
        "jsr:@std/cli",
        "jsr:@std/encoding",
        "jsr:@std/fmt",
        "jsr:@std/fs@^1.0.23",
        "jsr:@std/html",
        "jsr:@std/media-types",
        "jsr:@std/net",
        "jsr:@std/path",
        "jsr:@std/streams"
      ]
    },
    "@std/internal@1.0.12": {
      "integrity": "972a634fd5bc34b242024402972cd5143eac68d8dffaca5eaa4dba30ce17b027"
    },
    "@std/media-types@1.1.0": {
      "integrity": "c9d093f0c05c3512932b330e3cc1fe1d627b301db33a4c2c2185c02471d6eaa4"
    },
    "@std/net@1.0.6": {
      "integrity": "110735f93e95bb9feb95790a8b1d1bf69ec0dc74f3f97a00a76ea5efea25500c"
    },
    "@std/path@1.1.4": {
      "integrity": "1d2d43f39efb1b42f0b1882a25486647cb851481862dc7313390b2bb044314b5",
      "dependencies": [
        "jsr:@std/internal"
      ]
    },
    "@std/streams@1.0.17": {
      "integrity": "7859f3d9deed83cf4b41f19223d4a67661b3d3819e9fc117698f493bf5992140"
    },
    "@std/testing@1.0.17": {
      "integrity": "87bdc2700fa98249d48a17cd72413352d3d3680dcfbdb64947fd0982d6bbf681",
      "dependencies": [
        "jsr:@std/assert@^1.0.17",
        "jsr:@std/data-structures",
        "jsr:@std/fs@^1.0.22",
        "jsr:@std/internal",
        "jsr:@std/path"
      ]
    }
  },
  "npm": {
    "reflect-metadata@0.2.2": {
      "integrity": "sha512-urBwgfrvVP/eAyXx4hluJivBKzuEbSQs9rKWCrCkbSxNv8mxPcUZKeuoF3Uy4mJl3Lwprp6yy5/39VWigZ4K6Q=="
    }
  },
  "workspace": {
    "dependencies": [
      "jsr:@g43/math@^0.0.8",
      "jsr:@g43/tools@^0.0.25",
      "jsr:@std/assert@^1.0.19",
      "jsr:@std/expect@^1.0.18",
      "jsr:@std/http@1.0.25",
      "jsr:@std/testing@^1.0.17",
      "npm:reflect-metadata@0.2.2"
    ]
  }
}
