{
  "version": "5",
  "specifiers": {
    "jsr:@g43/core@^0.0.3": "0.0.3",
    "jsr:@g43/enums@^0.0.9": "0.0.9",
    "jsr:@g43/math@^0.0.8": "0.0.8",
    "jsr:@g43/math@^0.0.9": "0.0.9",
    "jsr:@g43/tools@^0.0.25": "0.0.25",
    "jsr:@g43/utils@^0.0.30": "0.0.30",
    "jsr:@std/assert@^1.0.16": "1.0.19",
    "jsr:@std/assert@^1.0.19": "1.0.19",
    "jsr:@std/cli@^1.0.30": "1.0.30",
    "jsr:@std/data-structures@^1.1.0": "1.1.0",
    "jsr:@std/encoding@^1.0.10": "1.0.10",
    "jsr:@std/expect@^1.0.19": "1.0.19",
    "jsr:@std/fmt@^1.0.10": "1.0.10",
    "jsr:@std/fs@^1.0.24": "1.0.24",
    "jsr:@std/html@^1.0.7": "1.0.7",
    "jsr:@std/http@1.1.1": "1.1.1",
    "jsr:@std/internal@^1.0.12": "1.0.14",
    "jsr:@std/internal@^1.0.13": "1.0.14",
    "jsr:@std/internal@^1.0.14": "1.0.14",
    "jsr:@std/media-types@^1.1.0": "1.1.0",
    "jsr:@std/net@^1.0.6": "1.0.6",
    "jsr:@std/path@^1.1.4": "1.1.5",
    "jsr:@std/path@^1.1.5": "1.1.5",
    "jsr:@std/streams@^1.1.1": "1.1.1",
    "jsr:@std/testing@^1.0.19": "1.0.19",
    "npm:reflect-metadata@*": "0.2.2",
    "npm:reflect-metadata@0.2.2": "0.2.2"
  },
  "jsr": {
    "@g43/core@0.0.3": {
      "integrity": "8d1cdacf14727a7b2c1eb1b3a9bbf905d3fa8349b11988284013a9c6cc9fa2e0"
    },
    "@g43/enums@0.0.9": {
      "integrity": "ad2ed0c1c3698f91c90270a8135ae0be6e8b65ee2a7df4238026e9184f8d298b"
    },
    "@g43/math@0.0.8": {
      "integrity": "d5bed94eb3a2a54acabb9856ba1f24948a58c999d9569e3b479f79ad3c04dda8"
    },
    "@g43/math@0.0.9": {
      "integrity": "48de61df642ee9501d48883f8dad877a0fa2418869c6f44d4b266fe1863c1b02"
    },
    "@g43/tools@0.0.25": {
      "integrity": "b7dbd4f02513dcc7dcd16b5d3b4ec73779e3e58d1542b67a37ca1d2ca19340af",
      "dependencies": [
        "jsr:@g43/core",
        "jsr:@g43/enums",
        "jsr:@g43/math@^0.0.8",
        "jsr:@g43/utils",
        "jsr:@std/assert@^1.0.16"
      ]
    },
    "@g43/utils@0.0.30": {
      "integrity": "1dd0c5b4b4627e4c85968acae04464963dbe7ff1dcf88378534382f5a584b0dd",
      "dependencies": [
        "jsr:@g43/enums",
        "jsr:@g43/math@^0.0.8",
        "jsr:@g43/utils"
      ]
    },
    "@std/assert@1.0.19": {
      "integrity": "eaada96ee120cb980bc47e040f82814d786fe8162ecc53c91d8df60b8755991e",
      "dependencies": [
        "jsr:@std/internal@^1.0.12"
      ]
    },
    "@std/cli@1.0.30": {
      "integrity": "769446536522d0417d7127ebcabcafac1ab0ce6766d0eb3fca1d36326fe98d13"
    },
    "@std/data-structures@1.1.0": {
      "integrity": "c35ae4ad5d8e41a38573c2fe3e19b18ea2505f63cfea201edcb8720aca1f7f58"
    },
    "@std/encoding@1.0.10": {
      "integrity": "8783c6384a2d13abd5e9e87a7ae0520a30e9f56aeeaa3bdf910a3eaaf5c811a1"
    },
    "@std/expect@1.0.19": {
      "integrity": "25271785688c7ff902fa54875d6aa4001f552c5578f7f0fefb5b5aac1fc2ed8a",
      "dependencies": [
        "jsr:@std/assert@^1.0.19",
        "jsr:@std/internal@^1.0.13",
        "jsr:@std/path@^1.1.4"
      ]
    },
    "@std/fmt@1.0.10": {
      "integrity": "90dfba288802ac6de82fb31d0917eb9e4450b9925b954d5e51fc29ac07419db5"
    },
    "@std/fs@1.0.24": {
      "integrity": "f3061b45b81673a2bece689da041df32d174be064c89eb6397fb5718d3fb7877",
      "dependencies": [
        "jsr:@std/path@^1.1.5"
      ]
    },
    "@std/html@1.0.7": {
      "integrity": "175c818905a6e75743c69c251395e273d82698e58cfe7dd76268d70e28b8d8fe"
    },
    "@std/http@1.1.1": {
      "integrity": "e343a9a80aea07c716b91be5c79df764144430ad2dd7c9121ed7443f08dc74f7",
      "dependencies": [
        "jsr:@std/cli",
        "jsr:@std/encoding",
        "jsr:@std/fmt",
        "jsr:@std/fs",
        "jsr:@std/html",
        "jsr:@std/media-types",
        "jsr:@std/net",
        "jsr:@std/path@^1.1.5",
        "jsr:@std/streams"
      ]
    },
    "@std/internal@1.0.14": {
      "integrity": "291516b3d4c35024d6ffbc0a9df5bf4c64116e05b50012cf846710152d2ffdf7"
    },
    "@std/media-types@1.1.0": {
      "integrity": "c9d093f0c05c3512932b330e3cc1fe1d627b301db33a4c2c2185c02471d6eaa4"
    },
    "@std/net@1.0.6": {
      "integrity": "110735f93e95bb9feb95790a8b1d1bf69ec0dc74f3f97a00a76ea5efea25500c"
    },
    "@std/path@1.1.5": {
      "integrity": "ccea00982ea28c36becaf6e62f855406c76a8c32d462f66f415bbb7d83a271bc",
      "dependencies": [
        "jsr:@std/internal@^1.0.14"
      ]
    },
    "@std/streams@1.1.1": {
      "integrity": "92556d350e537e9dce527a6d08f6f15be3ff65e656079dea69d15252187c7613"
    },
    "@std/testing@1.0.19": {
      "integrity": "f4236172365b216728dc3cc8b5e80a9f4c33083d1e4ede7613d5b25b4014898e",
      "dependencies": [
        "jsr:@std/assert@^1.0.19",
        "jsr:@std/data-structures",
        "jsr:@std/fs",
        "jsr:@std/internal@^1.0.14",
        "jsr:@std/path@^1.1.5"
      ]
    }
  },
  "npm": {
    "reflect-metadata@0.2.2": {
      "integrity": "sha512-urBwgfrvVP/eAyXx4hluJivBKzuEbSQs9rKWCrCkbSxNv8mxPcUZKeuoF3Uy4mJl3Lwprp6yy5/39VWigZ4K6Q=="
    }
  },
  "workspace": {
    "dependencies": [
      "jsr:@g43/math@^0.0.9",
      "jsr:@g43/tools@^0.0.25",
      "jsr:@std/assert@^1.0.19",
      "jsr:@std/expect@^1.0.19",
      "jsr:@std/http@1.1.1",
      "jsr:@std/testing@^1.0.19",
      "npm:reflect-metadata@0.2.2"
    ]
  }
}
